
Microsoft Visual Studio Solution File, Format Version 12.00
# Visual Studio Version 16
VisualStudioVersion = 16.0.31911.196
MinimumVisualStudioVersion = 10.0.40219.1
Project("{8BC9CEB8-8B4A-11D0-8D11-00A0C91BC942}") = "snakeWP", "snakeWP\snakeWP.vcxproj", "{B29686D5-7F19-4421-92DD-5C74B42E53A0}"
EndProject
Global
	GlobalSection(SolutionConfigurationPlatforms) = preSolution
		Debug|x64 = Debug|x64
		Debug|x86 = Debug|x86
		Release|x64 = Release|x64
		Release|x86 = Release|x86
	EndGlobalSection
	GlobalSection(ProjectConfigurationPlatforms) = postSolution
		{B29686D5-7F19-4421-92DD-5C74B42E53A0}.Debug|x64.ActiveCfg = Debug|x64
		{B29686D5-7F19-4421-92DD-5C74B42E53A0}.Debug|x64.Build.0 = Debug|x64
		{B29686D5-7F19-4421-92DD-5C74B42E53A0}.Debug|x86.ActiveCfg = Debug|Win32
		{B29686D5-7F19-4421-92DD-5C74B42E53A0}.Debug|x86.Build.0 = Debug|Win32
		{B29686D5-7F19-4421-92DD-5C74B42E53A0}.Release|x64.ActiveCfg = Release|x64
		{B29686D5-7F19-4421-92DD-5C74B42E53A0}.Release|x64.Build.0 = Release|x64
		{B29686D5-7F19-4421-92DD-5C74B42E53A0}.Release|x86.ActiveCfg = Release|Win32
		{B29686D5-7F19-4421-92DD-5C74B42E53A0}.Release|x86.Build.0 = Release|Win32
	EndGlobalSection
	GlobalSection(SolutionProperties) = preSolution
		HideSolutionNode = FALSE
	EndGlobalSection
	GlobalSection(ExtensibilityGlobals) = postSolution
		SolutionGuid = {C7F82E1E-CFAF-4B6C-AE91-C9E780CD9BAC}
	EndGlobalSection
EndGlobal
